dependencies:
- name: cassandra
  repository: https://charts.bitnami.com/bitnami
  version: 12.0.3
- name: elasticsearch
  repository: https://charts.bitnami.com/bitnami
  version: 20.0.4
- name: kafka
  repository: https://charts.bitnami.com/bitnami
  version: 26.6.2
- name: common
  repository: https://charts.bitnami.com/bitnami
  version: 2.26.0
digest: sha256:93632d48e0cac6077b5c8250ab0675d5067c6b6865c692a16ebbc03a9e089287
generated: "2024-10-16T03:22:08.747721865+05:30"
