dependencies:
- name: cassandra
  repository: https://charts.helm.sh/incubator
  version: 0.15.3
- name: elasticsearch
  repository: https://charts.bitnami.com/bitnami
  version: 20.0.4
- name: kafka
  repository: https://charts.bitnami.com/bitnami
  version: 26.6.2
- name: common
  repository: https://charts.bitnami.com/bitnami
  version: 2.23.0
digest: sha256:b13c6270d6d45478b47d03157f7a1c44add98be0809d83b22597a0c800781c10
generated: "2024-10-01T10:23:03.372102011Z"
