dependencies:
- name: cassandra
  repository: https://charts.helm.sh/incubator
  version: 0.15.3
- name: elasticsearch
  repository: https://charts.bitnami.com/bitnami
  version: 22.1.6
- name: kafka
  repository: https://charts.bitnami.com/bitnami
  version: 26.11.4
- name: common
  repository: https://charts.bitnami.com/bitnami
  version: 2.31.4
digest: sha256:e963de1745f8299641c3d48bb8cc87e71299c6ec95d2ee9d0aede67ed5573362
generated: "2025-12-13T21:24:40.040423174Z"
