dependencies:
- name: cassandra
  repository: https://charts.helm.sh/incubator
  version: 0.15.3
- name: elasticsearch
  repository: https://helm.elastic.co
  version: 7.17.3
- name: kafka
  repository: https://charts.bitnami.com/bitnami
  version: 26.6.2
- name: common
  repository: https://charts.bitnami.com/bitnami
  version: 2.19.0
digest: sha256:799683bf9e0ecb2dc945d452dfac45614e4c4af4ee3db18424d411fe6736cabe
generated: "2024-03-14T08:47:08.0805107+01:00"
