dependencies:
- name: cassandra
  repository: https://charts.helm.sh/incubator
  version: 0.15.3
- name: elasticsearch
  repository: https://charts.bitnami.com/bitnami
  version: 20.0.4
- name: kafka
  repository: https://charts.bitnami.com/bitnami
  version: 26.6.2
- name: common
  repository: https://charts.bitnami.com/bitnami
  version: 2.22.0
digest: sha256:6ec45e367f1023dea0fdf52d065a21c8ffd6f8faa4a75a84a8e8b5595f7a70f7
generated: "2024-09-13T10:41:20.070849559+02:00"
